
Microsoft Visual Studio Solution File, Format Version 12.00
# Visual Studio 2012
Project("{FAE04EC0-301F-11D3-BF4B-00C04F79EFBC}") = "Datafixtures", "Datafixtures\Datafixtures.csproj", "{EE1C2707-405A-4EB4-965C-8DBE58056710}"
EndProject
Project("{FAE04EC0-301F-11D3-BF4B-00C04F79EFBC}") = "Datafixtures.Test", "Datafixtures.Test\Datafixtures.Test.csproj", "{CC176EF8-F4AB-4B82-A9DB-43DA571D84D7}"
EndProject
Global
	GlobalSection(SolutionConfigurationPlatforms) = preSolution
		Debug|Any CPU = Debug|Any CPU
		Release|Any CPU = Release|Any CPU
	EndGlobalSection
	GlobalSection(ProjectConfigurationPlatforms) = postSolution
		{EE1C2707-405A-4EB4-965C-8DBE58056710}.Debug|Any CPU.ActiveCfg = Debug|Any CPU
		{EE1C2707-405A-4EB4-965C-8DBE58056710}.Debug|Any CPU.Build.0 = Debug|Any CPU
		{EE1C2707-405A-4EB4-965C-8DBE58056710}.Release|Any CPU.ActiveCfg = Release|Any CPU
		{EE1C2707-405A-4EB4-965C-8DBE58056710}.Release|Any CPU.Build.0 = Release|Any CPU
		{CC176EF8-F4AB-4B82-A9DB-43DA571D84D7}.Debug|Any CPU.ActiveCfg = Debug|Any CPU
		{CC176EF8-F4AB-4B82-A9DB-43DA571D84D7}.Debug|Any CPU.Build.0 = Debug|Any CPU
		{CC176EF8-F4AB-4B82-A9DB-43DA571D84D7}.Release|Any CPU.ActiveCfg = Release|Any CPU
		{CC176EF8-F4AB-4B82-A9DB-43DA571D84D7}.Release|Any CPU.Build.0 = Release|Any CPU
	EndGlobalSection
	GlobalSection(SolutionProperties) = preSolution
		HideSolutionNode = FALSE
	EndGlobalSection
EndGlobal
